
Microsoft Visual Studio Solution File, Format Version 12.00
# Visual Studio Version 16
VisualStudioVersion = 16.0.32901.82
MinimumVisualStudioVersion = 10.0.40219.1
Project("{FAE04EC0-301F-11D3-BF4B-00C04F79EFBC}") = "web_api_core", "web_api_core\web_api_core.csproj", "{526EFE77-C92C-4FC1-AE87-1EFD302D5E84}"
EndProject
Global
	GlobalSection(SolutionConfigurationPlatforms) = preSolution
		Debug|Any CPU = Debug|Any CPU
		Release|Any CPU = Release|Any CPU
	EndGlobalSection
	GlobalSection(ProjectConfigurationPlatforms) = postSolution
		{526EFE77-C92C-4FC1-AE87-1EFD302D5E84}.Debug|Any CPU.ActiveCfg = Debug|Any CPU
		{526EFE77-C92C-4FC1-AE87-1EFD302D5E84}.Debug|Any CPU.Build.0 = Debug|Any CPU
		{526EFE77-C92C-4FC1-AE87-1EFD302D5E84}.Release|Any CPU.ActiveCfg = Release|Any CPU
		{526EFE77-C92C-4FC1-AE87-1EFD302D5E84}.Release|Any CPU.Build.0 = Release|Any CPU
	EndGlobalSection
	GlobalSection(SolutionProperties) = preSolution
		HideSolutionNode = FALSE
	EndGlobalSection
	GlobalSection(ExtensibilityGlobals) = postSolution
		SolutionGuid = {421F094F-D3B2-4AB4-8E2C-F81E5648064A}
	EndGlobalSection
EndGlobal
